<Solution>
  <Configurations>
    <Platform Name="Any CPU" />
    <Platform Name="x64" />
    <Platform Name="x86" />
  </Configurations>
  <Folder Name="/examples/">
    <Project Path="examples/Axial.Result.AotProbe/Axial.Result.AotProbe.fsproj" />
    <Project Path="examples/Axial.Constraint.AotProbe/Axial.Constraint.AotProbe.fsproj" />
    <Project Path="examples/Axial.Refined.AotProbe/Axial.Refined.AotProbe.fsproj" />
    <Project Path="examples/Axial.Schema.AotProbe/Axial.Schema.AotProbe.fsproj" />
    <Project Path="examples/Axial.Schema.Examples/Axial.Schema.Examples.fsproj" />
    <Project Path="examples/Axial.ReferenceApp.Intro/Axial.ReferenceApp.Intro.fsproj" />
    <Project Path="examples/Axial.ReferenceApp.Wire/Axial.ReferenceApp.Wire.fsproj" />
  </Folder>
  <Folder Name="/benchmarks/">
    <Project Path="benchmarks/Axial.Schema.Benchmarks/Axial.Schema.Benchmarks.fsproj" />
  </Folder>
  <Folder Name="/scripts/">
    <Project Path="scripts/schemagen/schemagen.fsproj" />
  </Folder>
  <Folder Name="/src/">
    <Project Path="src/Axial.Data/Axial.Data.fsproj" />
    <Project Path="src/Axial.Result/Axial.Result.fsproj" />
    <Project Path="src/Axial.Constraint/Axial.Constraint.fsproj" />
    <Project Path="src/Axial.Parse/Axial.Parse.fsproj" />
    <Project Path="src/Axial.Refined/Axial.Refined.fsproj" />
    <Project Path="src/Axial.Schema.Json/Axial.Schema.Json.fsproj" />
    <Project Path="src/Axial.Schema/Axial.Schema.fsproj" />
    <Project Path="src/Axial.Schema.Http/Axial.Schema.Http.fsproj" />
    <Project Path="src/Axial.Schema.Contracts/Axial.Schema.Contracts.fsproj" />
    <Project Path="src/Axial.Schema.Contracts.Build/Axial.Schema.Contracts.Build.fsproj" />
    <Project Path="src/Axial.Schema.Testing/Axial.Schema.Testing.fsproj" />
  </Folder>
  <Folder Name="/tests/">
    <Project Path="tests/Axial.Data.Tests/Axial.Data.Tests.fsproj" />
    <Project Path="tests/Axial.Result.Tests/Axial.Result.Tests.fsproj" />
    <Project Path="tests/Axial.Constraint.Tests/Axial.Constraint.Tests.fsproj" />
    <Project Path="tests/Axial.Refined.Tests/Axial.Refined.Tests.fsproj" />
    <Project Path="tests/Axial.Schema.Json.Tests/Axial.Schema.Json.Tests.fsproj" />
    <Project Path="tests/Axial.Schema.Tests/Axial.Schema.Tests.fsproj" />
    <Project Path="tests/Axial.Schema.Http.Tests/Axial.Schema.Http.Tests.fsproj" />
    <Project Path="tests/Axial.Schema.Contracts.Tests/Axial.Schema.Contracts.Tests.fsproj" />
    <Project Path="tests/Axial.Schema.Testing.Tests/Axial.Schema.Testing.Tests.fsproj" />
  </Folder>
</Solution>
